
Microsoft Visual Studio Solution File, Format Version 12.00
# Visual Studio Version 17
VisualStudioVersion = 17.0.31903.59
MinimumVisualStudioVersion = 10.0.40219.1
Project("{2150E333-8FDC-42A3-9474-1A3956D46DE8}") = "src", "src", "{DC8CDE24-C00F-44FA-88A6-884CF8B30841}"
EndProject
Project("{2150E333-8FDC-42A3-9474-1A3956D46DE8}") = "tests", "tests", "{CD2AFA3B-0D68-41D0-BC73-C20CCC6DBBC9}"
EndProject
Project("{2150E333-8FDC-42A3-9474-1A3956D46DE8}") = "Services", "Services", "{854354A9-71B0-4F7E-B3DC-903BEAE3352D}"
EndProject
Project("{2150E333-8FDC-42A3-9474-1A3956D46DE8}") = "Shared", "Shared", "{ABDEF804-9A9D-4BA1-AE95-05A3E9E3BC21}"
EndProject
Project("{2150E333-8FDC-42A3-9474-1A3956D46DE8}") = "Frontends", "Frontends", "{69AA4AF0-57F4-4EA7-B528-2542F00B713A}"
EndProject
Project("{2150E333-8FDC-42A3-9474-1A3956D46DE8}") = "ScriptManager.Api", "ScriptManager.Api", "{A49DBD1D-F745-4EE3-8618-667A06217BE7}"
EndProject
Project("{2150E333-8FDC-42A3-9474-1A3956D46DE8}") = "ScriptManager.Application", "ScriptManager.Application", "{A92E9DA7-1C3C-4EF7-B22A-6C417E5EF6F3}"
EndProject
Project("{2150E333-8FDC-42A3-9474-1A3956D46DE8}") = "ScriptManager.Domain", "ScriptManager.Domain", "{8C89A7D8-CA4C-426C-87F1-AC9392BD07E7}"
EndProject
Project("{2150E333-8FDC-42A3-9474-1A3956D46DE8}") = "ScriptManager.Infrastructure", "ScriptManager.Infrastructure", "{FF0D41C9-33C8-4443-B9B4-AB45B5646932}"
EndProject
Project("{9A19103F-16F7-4668-BE54-9A1E7A4F7556}") = "ScriptManager.Api", "src\Services\ScriptManager.Api\ScriptManager.Api.csproj", "{371B681A-9D2B-4EA6-8445-79AAE8DB0767}"
EndProject
Project("{9A19103F-16F7-4668-BE54-9A1E7A4F7556}") = "ScriptManager.Application", "src\Shared\ScriptManager.Application\ScriptManager.Application.csproj", "{B1B6948A-16DE-4F7B-BE86-39CAA5546312}"
EndProject
Project("{9A19103F-16F7-4668-BE54-9A1E7A4F7556}") = "ScriptManager.Domain", "src\Shared\ScriptManager.Domain\ScriptManager.Domain.csproj", "{95559691-6CBC-41A2-89A1-28B6B21131C7}"
EndProject
Project("{9A19103F-16F7-4668-BE54-9A1E7A4F7556}") = "ScriptManager.Infrastructure", "src\Shared\ScriptManager.Infrastructure\ScriptManager.Infrastructure.csproj", "{5F974FFE-A907-4C81-B715-905DE5588264}"
EndProject
Project("{2150E333-8FDC-42A3-9474-1A3956D46DE8}") = "ScriptManager.BackOfficeWeb", "ScriptManager.BackOfficeWeb", "{BDD237DE-E5B5-4117-BA57-A9811071D453}"
EndProject
Project("{54A90642-561A-4BB1-A94E-469ADEE60C69}") = "scriptmanager.backofficeweb", "src\Frontends\ScriptManager.BackOfficeWeb\scriptmanager.backofficeweb.esproj", "{3245EC34-DA82-497C-BA30-E31E8589FC2F}"
EndProject
Global
	GlobalSection(SolutionConfigurationPlatforms) = preSolution
		Debug|Any CPU = Debug|Any CPU
		Release|Any CPU = Release|Any CPU
	EndGlobalSection
	GlobalSection(ProjectConfigurationPlatforms) = postSolution
		{371B681A-9D2B-4EA6-8445-79AAE8DB0767}.Debug|Any CPU.ActiveCfg = Debug|Any CPU
		{371B681A-9D2B-4EA6-8445-79AAE8DB0767}.Debug|Any CPU.Build.0 = Debug|Any CPU
		{371B681A-9D2B-4EA6-8445-79AAE8DB0767}.Release|Any CPU.ActiveCfg = Release|Any CPU
		{371B681A-9D2B-4EA6-8445-79AAE8DB0767}.Release|Any CPU.Build.0 = Release|Any CPU
		{B1B6948A-16DE-4F7B-BE86-39CAA5546312}.Debug|Any CPU.ActiveCfg = Debug|Any CPU
		{B1B6948A-16DE-4F7B-BE86-39CAA5546312}.Debug|Any CPU.Build.0 = Debug|Any CPU
		{B1B6948A-16DE-4F7B-BE86-39CAA5546312}.Release|Any CPU.ActiveCfg = Release|Any CPU
		{B1B6948A-16DE-4F7B-BE86-39CAA5546312}.Release|Any CPU.Build.0 = Release|Any CPU
		{95559691-6CBC-41A2-89A1-28B6B21131C7}.Debug|Any CPU.ActiveCfg = Debug|Any CPU
		{95559691-6CBC-41A2-89A1-28B6B21131C7}.Debug|Any CPU.Build.0 = Debug|Any CPU
		{95559691-6CBC-41A2-89A1-28B6B21131C7}.Release|Any CPU.ActiveCfg = Release|Any CPU
		{95559691-6CBC-41A2-89A1-28B6B21131C7}.Release|Any CPU.Build.0 = Release|Any CPU
		{5F974FFE-A907-4C81-B715-905DE5588264}.Debug|Any CPU.ActiveCfg = Debug|Any CPU
		{5F974FFE-A907-4C81-B715-905DE5588264}.Debug|Any CPU.Build.0 = Debug|Any CPU
		{5F974FFE-A907-4C81-B715-905DE5588264}.Release|Any CPU.ActiveCfg = Release|Any CPU
		{5F974FFE-A907-4C81-B715-905DE5588264}.Release|Any CPU.Build.0 = Release|Any CPU
		{3245EC34-DA82-497C-BA30-E31E8589FC2F}.Debug|Any CPU.ActiveCfg = Debug|Any CPU
		{3245EC34-DA82-497C-BA30-E31E8589FC2F}.Debug|Any CPU.Build.0 = Debug|Any CPU
		{3245EC34-DA82-497C-BA30-E31E8589FC2F}.Debug|Any CPU.Deploy.0 = Debug|Any CPU
		{3245EC34-DA82-497C-BA30-E31E8589FC2F}.Release|Any CPU.ActiveCfg = Release|Any CPU
		{3245EC34-DA82-497C-BA30-E31E8589FC2F}.Release|Any CPU.Build.0 = Release|Any CPU
		{3245EC34-DA82-497C-BA30-E31E8589FC2F}.Release|Any CPU.Deploy.0 = Release|Any CPU
	EndGlobalSection
	GlobalSection(SolutionProperties) = preSolution
		HideSolutionNode = FALSE
	EndGlobalSection
	GlobalSection(NestedProjects) = preSolution
		{854354A9-71B0-4F7E-B3DC-903BEAE3352D} = {DC8CDE24-C00F-44FA-88A6-884CF8B30841}
		{ABDEF804-9A9D-4BA1-AE95-05A3E9E3BC21} = {DC8CDE24-C00F-44FA-88A6-884CF8B30841}
		{69AA4AF0-57F4-4EA7-B528-2542F00B713A} = {DC8CDE24-C00F-44FA-88A6-884CF8B30841}
		{A49DBD1D-F745-4EE3-8618-667A06217BE7} = {854354A9-71B0-4F7E-B3DC-903BEAE3352D}
		{A92E9DA7-1C3C-4EF7-B22A-6C417E5EF6F3} = {ABDEF804-9A9D-4BA1-AE95-05A3E9E3BC21}
		{8C89A7D8-CA4C-426C-87F1-AC9392BD07E7} = {ABDEF804-9A9D-4BA1-AE95-05A3E9E3BC21}
		{FF0D41C9-33C8-4443-B9B4-AB45B5646932} = {ABDEF804-9A9D-4BA1-AE95-05A3E9E3BC21}
		{371B681A-9D2B-4EA6-8445-79AAE8DB0767} = {A49DBD1D-F745-4EE3-8618-667A06217BE7}
		{B1B6948A-16DE-4F7B-BE86-39CAA5546312} = {A92E9DA7-1C3C-4EF7-B22A-6C417E5EF6F3}
		{95559691-6CBC-41A2-89A1-28B6B21131C7} = {8C89A7D8-CA4C-426C-87F1-AC9392BD07E7}
		{5F974FFE-A907-4C81-B715-905DE5588264} = {FF0D41C9-33C8-4443-B9B4-AB45B5646932}
		{BDD237DE-E5B5-4117-BA57-A9811071D453} = {69AA4AF0-57F4-4EA7-B528-2542F00B713A}
		{3245EC34-DA82-497C-BA30-E31E8589FC2F} = {BDD237DE-E5B5-4117-BA57-A9811071D453}
	EndGlobalSection
	GlobalSection(ExtensibilityGlobals) = postSolution
		SolutionGuid = {BE80194F-3ADE-441B-92A5-7E71FC307478}
	EndGlobalSection
EndGlobal
